
Microsoft Visual Studio Solution File, Format Version 12.00
# Visual Studio Version 16
VisualStudioVersion = 16.0.29509.3
MinimumVisualStudioVersion = 10.0.40219.1
Project("{FAE04EC0-301F-11D3-BF4B-00C04F79EFBC}") = "AdvertApi", "AdvertApi.csproj", "{8AE09EFA-2BDB-441B-9E05-7B01989BE390}"
EndProject
Project("{FAE04EC0-301F-11D3-BF4B-00C04F79EFBC}") = "AdvertApi.Models", "..\AdvertApi.Models\AdvertApi.Models.csproj", "{8735048A-5A43-45B0-B65D-9E903FD83995}"
EndProject
Global
	GlobalSection(SolutionConfigurationPlatforms) = preSolution
		Debug|Any CPU = Debug|Any CPU
		Release|Any CPU = Release|Any CPU
	EndGlobalSection
	GlobalSection(ProjectConfigurationPlatforms) = postSolution
		{8AE09EFA-2BDB-441B-9E05-7B01989BE390}.Debug|Any CPU.ActiveCfg = Debug|Any CPU
		{8AE09EFA-2BDB-441B-9E05-7B01989BE390}.Debug|Any CPU.Build.0 = Debug|Any CPU
		{8AE09EFA-2BDB-441B-9E05-7B01989BE390}.Release|Any CPU.ActiveCfg = Release|Any CPU
		{8AE09EFA-2BDB-441B-9E05-7B01989BE390}.Release|Any CPU.Build.0 = Release|Any CPU
		{8735048A-5A43-45B0-B65D-9E903FD83995}.Debug|Any CPU.ActiveCfg = Debug|Any CPU
		{8735048A-5A43-45B0-B65D-9E903FD83995}.Debug|Any CPU.Build.0 = Debug|Any CPU
		{8735048A-5A43-45B0-B65D-9E903FD83995}.Release|Any CPU.ActiveCfg = Release|Any CPU
		{8735048A-5A43-45B0-B65D-9E903FD83995}.Release|Any CPU.Build.0 = Release|Any CPU
	EndGlobalSection
	GlobalSection(SolutionProperties) = preSolution
		HideSolutionNode = FALSE
	EndGlobalSection
	GlobalSection(ExtensibilityGlobals) = postSolution
		SolutionGuid = {59928EF4-24AE-4D8B-B008-68354CD97D3B}
	EndGlobalSection
EndGlobal
